
Microsoft Visual Studio Solution File, Format Version 11.00
# Visual Studio 2010
Project("{FAE04EC0-301F-11D3-BF4B-00C04F79EFBC}") = "School-Survey-Timetabling", "School-Survey-Timetabling\School-Survey-Timetabling.csproj", "{F8461D46-BBA1-4130-B5FD-91749B236A6E}"
EndProject
Project("{FAE04EC0-301F-11D3-BF4B-00C04F79EFBC}") = "Extensions", "Extensions\Extensions.csproj", "{EADC0EEC-B2C6-4709-9BD4-CAB901093C51}"
EndProject
Project("{FAE04EC0-301F-11D3-BF4B-00C04F79EFBC}") = "SouthernLapwing", "SouthernLapwing\SouthernLapwing.csproj", "{DA879B48-BBEE-451C-8410-AC8C5C37432F}"
EndProject
Project("{FAE04EC0-301F-11D3-BF4B-00C04F79EFBC}") = "Common", "Common\Common.csproj", "{1B0E12A2-9C50-42AF-BC25-1054528A63A2}"
EndProject
Project("{FAE04EC0-301F-11D3-BF4B-00C04F79EFBC}") = "SchoolTests", "SchoolTests\SchoolTests.csproj", "{3E7D7B10-B25B-453B-8374-E3CC35AA4D53}"
EndProject
Project("{2150E333-8FDC-42A3-9474-1A3956D46DE8}") = "Solution Items", "Solution Items", "{F4809263-97B2-4015-B3EF-807BB42BFA6D}"
	ProjectSection(SolutionItems) = preProject
		Local.testsettings = Local.testsettings
		School-Survey-Timetabling.vsmdi = School-Survey-Timetabling.vsmdi
		TraceAndTestImpact.testsettings = TraceAndTestImpact.testsettings
	EndProjectSection
EndProject
Global
	GlobalSection(SubversionScc) = preSolution
		Svn-Managed = True
		Manager = AnkhSVN - Subversion Support for Visual Studio
	EndGlobalSection
	GlobalSection(TestCaseManagementSettings) = postSolution
		CategoryFile = School-Survey-Timetabling.vsmdi
	EndGlobalSection
	GlobalSection(SolutionConfigurationPlatforms) = preSolution
		Debug|Any CPU = Debug|Any CPU
		Debug|Mixed Platforms = Debug|Mixed Platforms
		Debug|x86 = Debug|x86
		Release|Any CPU = Release|Any CPU
		Release|Mixed Platforms = Release|Mixed Platforms
		Release|x86 = Release|x86
		VerifyContracts|Any CPU = VerifyContracts|Any CPU
		VerifyContracts|Mixed Platforms = VerifyContracts|Mixed Platforms
		VerifyContracts|x86 = VerifyContracts|x86
	EndGlobalSection
	GlobalSection(ProjectConfigurationPlatforms) = postSolution
		{F8461D46-BBA1-4130-B5FD-91749B236A6E}.Debug|Any CPU.ActiveCfg = Debug|Any CPU
		{F8461D46-BBA1-4130-B5FD-91749B236A6E}.Debug|Any CPU.Build.0 = Debug|Any CPU
		{F8461D46-BBA1-4130-B5FD-91749B236A6E}.Debug|Mixed Platforms.ActiveCfg = Debug|Any CPU
		{F8461D46-BBA1-4130-B5FD-91749B236A6E}.Debug|Mixed Platforms.Build.0 = Debug|Any CPU
		{F8461D46-BBA1-4130-B5FD-91749B236A6E}.Debug|x86.ActiveCfg = Debug|Any CPU
		{F8461D46-BBA1-4130-B5FD-91749B236A6E}.Release|Any CPU.ActiveCfg = Release|Any CPU
		{F8461D46-BBA1-4130-B5FD-91749B236A6E}.Release|Any CPU.Build.0 = Release|Any CPU
		{F8461D46-BBA1-4130-B5FD-91749B236A6E}.Release|Mixed Platforms.ActiveCfg = Release|Any CPU
		{F8461D46-BBA1-4130-B5FD-91749B236A6E}.Release|Mixed Platforms.Build.0 = Release|Any CPU
		{F8461D46-BBA1-4130-B5FD-91749B236A6E}.Release|x86.ActiveCfg = Release|Any CPU
		{F8461D46-BBA1-4130-B5FD-91749B236A6E}.VerifyContracts|Any CPU.ActiveCfg = VerifyContracts|Any CPU
		{F8461D46-BBA1-4130-B5FD-91749B236A6E}.VerifyContracts|Any CPU.Build.0 = VerifyContracts|Any CPU
		{F8461D46-BBA1-4130-B5FD-91749B236A6E}.VerifyContracts|Mixed Platforms.ActiveCfg = VerifyContracts|Any CPU
		{F8461D46-BBA1-4130-B5FD-91749B236A6E}.VerifyContracts|Mixed Platforms.Build.0 = VerifyContracts|Any CPU
		{F8461D46-BBA1-4130-B5FD-91749B236A6E}.VerifyContracts|x86.ActiveCfg = VerifyContracts|Any CPU
		{EADC0EEC-B2C6-4709-9BD4-CAB901093C51}.Debug|Any CPU.ActiveCfg = Debug|Any CPU
		{EADC0EEC-B2C6-4709-9BD4-CAB901093C51}.Debug|Any CPU.Build.0 = Debug|Any CPU
		{EADC0EEC-B2C6-4709-9BD4-CAB901093C51}.Debug|Mixed Platforms.ActiveCfg = Debug|Any CPU
		{EADC0EEC-B2C6-4709-9BD4-CAB901093C51}.Debug|Mixed Platforms.Build.0 = Debug|Any CPU
		{EADC0EEC-B2C6-4709-9BD4-CAB901093C51}.Debug|x86.ActiveCfg = Debug|Any CPU
		{EADC0EEC-B2C6-4709-9BD4-CAB901093C51}.Release|Any CPU.ActiveCfg = Release|Any CPU
		{EADC0EEC-B2C6-4709-9BD4-CAB901093C51}.Release|Any CPU.Build.0 = Release|Any CPU
		{EADC0EEC-B2C6-4709-9BD4-CAB901093C51}.Release|Mixed Platforms.ActiveCfg = Release|Any CPU
		{EADC0EEC-B2C6-4709-9BD4-CAB901093C51}.Release|Mixed Platforms.Build.0 = Release|Any CPU
		{EADC0EEC-B2C6-4709-9BD4-CAB901093C51}.Release|x86.ActiveCfg = Release|Any CPU
		{EADC0EEC-B2C6-4709-9BD4-CAB901093C51}.VerifyContracts|Any CPU.ActiveCfg = Release|Any CPU
		{EADC0EEC-B2C6-4709-9BD4-CAB901093C51}.VerifyContracts|Any CPU.Build.0 = Release|Any CPU
		{EADC0EEC-B2C6-4709-9BD4-CAB901093C51}.VerifyContracts|Mixed Platforms.ActiveCfg = Release|Any CPU
		{EADC0EEC-B2C6-4709-9BD4-CAB901093C51}.VerifyContracts|Mixed Platforms.Build.0 = Release|Any CPU
		{EADC0EEC-B2C6-4709-9BD4-CAB901093C51}.VerifyContracts|x86.ActiveCfg = Release|Any CPU
		{DA879B48-BBEE-451C-8410-AC8C5C37432F}.Debug|Any CPU.ActiveCfg = Debug|Any CPU
		{DA879B48-BBEE-451C-8410-AC8C5C37432F}.Debug|Any CPU.Build.0 = Debug|Any CPU
		{DA879B48-BBEE-451C-8410-AC8C5C37432F}.Debug|Mixed Platforms.ActiveCfg = Debug|Any CPU
		{DA879B48-BBEE-451C-8410-AC8C5C37432F}.Debug|Mixed Platforms.Build.0 = Debug|Any CPU
		{DA879B48-BBEE-451C-8410-AC8C5C37432F}.Debug|x86.ActiveCfg = Debug|Any CPU
		{DA879B48-BBEE-451C-8410-AC8C5C37432F}.Release|Any CPU.ActiveCfg = Release|Any CPU
		{DA879B48-BBEE-451C-8410-AC8C5C37432F}.Release|Any CPU.Build.0 = Release|Any CPU
		{DA879B48-BBEE-451C-8410-AC8C5C37432F}.Release|Mixed Platforms.ActiveCfg = Release|Any CPU
		{DA879B48-BBEE-451C-8410-AC8C5C37432F}.Release|Mixed Platforms.Build.0 = Release|Any CPU
		{DA879B48-BBEE-451C-8410-AC8C5C37432F}.Release|x86.ActiveCfg = Release|Any CPU
		{DA879B48-BBEE-451C-8410-AC8C5C37432F}.VerifyContracts|Any CPU.ActiveCfg = Release|Any CPU
		{DA879B48-BBEE-451C-8410-AC8C5C37432F}.VerifyContracts|Any CPU.Build.0 = Release|Any CPU
		{DA879B48-BBEE-451C-8410-AC8C5C37432F}.VerifyContracts|Mixed Platforms.ActiveCfg = Release|Any CPU
		{DA879B48-BBEE-451C-8410-AC8C5C37432F}.VerifyContracts|Mixed Platforms.Build.0 = Release|Any CPU
		{DA879B48-BBEE-451C-8410-AC8C5C37432F}.VerifyContracts|x86.ActiveCfg = Release|Any CPU
		{1B0E12A2-9C50-42AF-BC25-1054528A63A2}.Debug|Any CPU.ActiveCfg = Debug|Any CPU
		{1B0E12A2-9C50-42AF-BC25-1054528A63A2}.Debug|Any CPU.Build.0 = Debug|Any CPU
		{1B0E12A2-9C50-42AF-BC25-1054528A63A2}.Debug|Mixed Platforms.ActiveCfg = Debug|Any CPU
		{1B0E12A2-9C50-42AF-BC25-1054528A63A2}.Debug|Mixed Platforms.Build.0 = Debug|Any CPU
		{1B0E12A2-9C50-42AF-BC25-1054528A63A2}.Debug|x86.ActiveCfg = Debug|Any CPU
		{1B0E12A2-9C50-42AF-BC25-1054528A63A2}.Release|Any CPU.ActiveCfg = Release|Any CPU
		{1B0E12A2-9C50-42AF-BC25-1054528A63A2}.Release|Any CPU.Build.0 = Release|Any CPU
		{1B0E12A2-9C50-42AF-BC25-1054528A63A2}.Release|Mixed Platforms.ActiveCfg = Release|Any CPU
		{1B0E12A2-9C50-42AF-BC25-1054528A63A2}.Release|Mixed Platforms.Build.0 = Release|Any CPU
		{1B0E12A2-9C50-42AF-BC25-1054528A63A2}.Release|x86.ActiveCfg = Release|Any CPU
		{1B0E12A2-9C50-42AF-BC25-1054528A63A2}.VerifyContracts|Any CPU.ActiveCfg = Release|Any CPU
		{1B0E12A2-9C50-42AF-BC25-1054528A63A2}.VerifyContracts|Any CPU.Build.0 = Release|Any CPU
		{1B0E12A2-9C50-42AF-BC25-1054528A63A2}.VerifyContracts|Mixed Platforms.ActiveCfg = Release|Any CPU
		{1B0E12A2-9C50-42AF-BC25-1054528A63A2}.VerifyContracts|Mixed Platforms.Build.0 = Release|Any CPU
		{1B0E12A2-9C50-42AF-BC25-1054528A63A2}.VerifyContracts|x86.ActiveCfg = Release|Any CPU
		{3E7D7B10-B25B-453B-8374-E3CC35AA4D53}.Debug|Any CPU.ActiveCfg = Debug|Any CPU
		{3E7D7B10-B25B-453B-8374-E3CC35AA4D53}.Debug|Any CPU.Build.0 = Debug|Any CPU
		{3E7D7B10-B25B-453B-8374-E3CC35AA4D53}.Debug|Mixed Platforms.ActiveCfg = Debug|Any CPU
		{3E7D7B10-B25B-453B-8374-E3CC35AA4D53}.Debug|Mixed Platforms.Build.0 = Debug|Any CPU
		{3E7D7B10-B25B-453B-8374-E3CC35AA4D53}.Debug|x86.ActiveCfg = Debug|Any CPU
		{3E7D7B10-B25B-453B-8374-E3CC35AA4D53}.Release|Any CPU.ActiveCfg = Release|Any CPU
		{3E7D7B10-B25B-453B-8374-E3CC35AA4D53}.Release|Any CPU.Build.0 = Release|Any CPU
		{3E7D7B10-B25B-453B-8374-E3CC35AA4D53}.Release|Mixed Platforms.ActiveCfg = Release|Any CPU
		{3E7D7B10-B25B-453B-8374-E3CC35AA4D53}.Release|Mixed Platforms.Build.0 = Release|Any CPU
		{3E7D7B10-B25B-453B-8374-E3CC35AA4D53}.Release|x86.ActiveCfg = Release|Any CPU
		{3E7D7B10-B25B-453B-8374-E3CC35AA4D53}.VerifyContracts|Any CPU.ActiveCfg = Release|Any CPU
		{3E7D7B10-B25B-453B-8374-E3CC35AA4D53}.VerifyContracts|Any CPU.Build.0 = Release|Any CPU
		{3E7D7B10-B25B-453B-8374-E3CC35AA4D53}.VerifyContracts|Mixed Platforms.ActiveCfg = Release|Any CPU
		{3E7D7B10-B25B-453B-8374-E3CC35AA4D53}.VerifyContracts|Mixed Platforms.Build.0 = Release|Any CPU
		{3E7D7B10-B25B-453B-8374-E3CC35AA4D53}.VerifyContracts|x86.ActiveCfg = Release|Any CPU
	EndGlobalSection
	GlobalSection(SolutionProperties) = preSolution
		HideSolutionNode = FALSE
	EndGlobalSection
EndGlobal
